
Microsoft Visual Studio Solution File, Format Version 12.00
# Visual Studio Version 17
VisualStudioVersion = 17.4.33122.133
MinimumVisualStudioVersion = 10.0.40219.1
Project("{9A19103F-16F7-4668-BE54-9A1E7A4F7556}") = "HexToString", "HexToString\HexToString.csproj", "{6A58A779-C87E-4549-B53F-C04AAC3AF8E9}"
EndProject
Project("{9A19103F-16F7-4668-BE54-9A1E7A4F7556}") = "Test", "Test\Test.csproj", "{EF26835F-7549-4AD1-905B-184A7DA3D0EF}"
EndProject
Project("{FAE04EC0-301F-11D3-BF4B-00C04F79EFBC}") = "FileToHexString", "FileToHexString\FileToHexString.csproj", "{55ABD35F-275A-4E74-BCB3-C00F310937B1}"
EndProject
Global
	GlobalSection(SolutionConfigurationPlatforms) = preSolution
		Debug|Any CPU = Debug|Any CPU
		Release|Any CPU = Release|Any CPU
	EndGlobalSection
	GlobalSection(ProjectConfigurationPlatforms) = postSolution
		{6A58A779-C87E-4549-B53F-C04AAC3AF8E9}.Debug|Any CPU.ActiveCfg = Debug|Any CPU
		{6A58A779-C87E-4549-B53F-C04AAC3AF8E9}.Debug|Any CPU.Build.0 = Debug|Any CPU
		{6A58A779-C87E-4549-B53F-C04AAC3AF8E9}.Release|Any CPU.ActiveCfg = Release|Any CPU
		{6A58A779-C87E-4549-B53F-C04AAC3AF8E9}.Release|Any CPU.Build.0 = Release|Any CPU
		{EF26835F-7549-4AD1-905B-184A7DA3D0EF}.Debug|Any CPU.ActiveCfg = Debug|Any CPU
		{EF26835F-7549-4AD1-905B-184A7DA3D0EF}.Debug|Any CPU.Build.0 = Debug|Any CPU
		{EF26835F-7549-4AD1-905B-184A7DA3D0EF}.Release|Any CPU.ActiveCfg = Release|Any CPU
		{EF26835F-7549-4AD1-905B-184A7DA3D0EF}.Release|Any CPU.Build.0 = Release|Any CPU
		{55ABD35F-275A-4E74-BCB3-C00F310937B1}.Debug|Any CPU.ActiveCfg = Debug|Any CPU
		{55ABD35F-275A-4E74-BCB3-C00F310937B1}.Debug|Any CPU.Build.0 = Debug|Any CPU
		{55ABD35F-275A-4E74-BCB3-C00F310937B1}.Release|Any CPU.ActiveCfg = Release|Any CPU
		{55ABD35F-275A-4E74-BCB3-C00F310937B1}.Release|Any CPU.Build.0 = Release|Any CPU
	EndGlobalSection
	GlobalSection(SolutionProperties) = preSolution
		HideSolutionNode = FALSE
	EndGlobalSection
	GlobalSection(ExtensibilityGlobals) = postSolution
		SolutionGuid = {B13B656D-E70B-4F27-B6C8-B2B4D19906BC}
	EndGlobalSection
EndGlobal
